PODS:
  - KeychainSwift (8.0.2)
  - Realm (2.8.3):
    - Realm/Headers (= 2.8.3)
  - Realm/Headers (2.8.3)
  - RealmSwift (2.8.3):
    - Realm (= 2.8.3)
  - RxCocoa (3.6.1):
    - RxSwift (~> 3.6)
  - RxGesture (1.0.1):
    - RxCocoa (~> 3.4)
    - RxSwift (~> 3.4)
  - RxKeyboard (0.5.1):
    - RxCocoa (>= 3.4)
    - RxSwift (>= 3.4)
  - RxRealm (0.6.0):
    - RealmSwift (~> 2.5)
    - RxSwift (~> 3.2)
  - RxRealmDataSources (0.2.2):
    - RealmSwift (~> 2.1)
    - RxCocoa (~> 3.1)
    - RxRealm (~> 0.5)
    - RxSwift (~> 3.1)
  - RxSwift (3.6.1)
  - RxSwiftExt (2.5.1):
    - RxSwiftExt/Core (= 2.5.1)
  - RxSwiftExt/Core (2.5.1):
    - RxSwift (~> 3.4)
  - RxTest (3.6.1):
    - RxSwift (~> 3.6)
  - SwiftLint (0.20.1)
  - SwiftRandom (1.0.0)

DEPENDENCIES:
  - KeychainSwift
  - RxCocoa
  - RxGesture (from `https://github.com/Coledunsby/RxGesture.git`)
  - RxKeyboard
  - RxRealm
  - RxRealmDataSources
  - RxSwift
  - RxSwiftExt
  - RxTest
  - SwiftLint
  - SwiftRandom

EXTERNAL SOURCES:
  RxGesture:
    :git: https://github.com/Coledunsby/RxGesture.git

CHECKOUT OPTIONS:
  RxGesture:
    :commit: 3a33d746d0032470ee5df9463d8633c178c63bae
    :git: https://github.com/Coledunsby/RxGesture.git

SPEC CHECKSUMS:
  KeychainSwift: 213db04dfe7244988e61f77c72a2afb2f775954a
  Realm: 3601ef091c8c499a31101d8563b991e75546cdce
  RealmSwift: 8183818515471b01a99abdd2970f8e4fd52b6f4a
  RxCocoa: 84a08739ab186248c7f31ce4ee92d6f8a947d690
  RxGesture: 22d6fbe3e54c6f62c0e0499a25325b8bc78b148c
  RxKeyboard: bded7b486c447ccc82dc5296e156efc0d46b83e7
  RxRealm: 323de579b50b5e0f4a3e087d5925021f976ffaf1
  RxRealmDataSources: a5fb0bbd4e5938ba8a776dfb7510150fd981c7a0
  RxSwift: f9de85ea20cd2f7716ee5409fc13523dc638e4e4
  RxSwiftExt: ec25c6df68d15ad6fe326792d60452b52e83d606
  RxTest: 1d00348a7848c91ab5bf5d197d2378aa6b2bb356
  SwiftLint: f60095dc173a3f3ec505bb34f5229c3dfd779a54
  SwiftRandom: 437275c63500ddf5a565cbd56996fb23f12cfc3d

PODFILE CHECKSUM: 2b46298137fb2e7f88b8d8795238fb83793dcdf4

COCOAPODS: 1.2.1
