PODS:
  - Realm (2.8.0):
    - Realm/Headers (= 2.8.0)
  - Realm/Headers (2.8.0)
  - RealmSwift (2.8.0):
    - Realm (= 2.8.0)
  - RxCocoa (3.5.0):
    - RxSwift (~> 3.4)
  - RxGesture (1.0.1):
    - RxCocoa (~> 3.4)
    - RxSwift (~> 3.4)
  - RxKeyboard (0.5.0):
    - RxCocoa (>= 3.4)
    - RxSwift (>= 3.4)
  - RxRealm (0.6.0):
    - RealmSwift (~> 2.5)
    - RxSwift (~> 3.2)
  - RxRealmDataSources (0.2.1):
    - RealmSwift (~> 2.1)
    - RxCocoa (~> 3.1)
    - RxRealm (~> 0.5)
    - RxSwift (~> 3.1)
  - RxSwift (3.5.0)
  - RxSwiftExt (2.4.1):
    - RxSwiftExt/Core (= 2.4.1)
  - RxSwiftExt/Core (2.4.1):
    - RxSwift (~> 3.4)
  - SwiftLint (0.19.0)

DEPENDENCIES:
  - RxCocoa
  - RxGesture (from `https://github.com/Coledunsby/RxGesture.git`)
  - RxKeyboard
  - RxRealm
  - RxRealmDataSources
  - RxSwift
  - RxSwiftExt
  - SwiftLint

EXTERNAL SOURCES:
  RxGesture:
    :git: https://github.com/Coledunsby/RxGesture.git

CHECKOUT OPTIONS:
  RxGesture:
    :commit: 3a33d746d0032470ee5df9463d8633c178c63bae
    :git: https://github.com/Coledunsby/RxGesture.git

SPEC CHECKSUMS:
  Realm: 929243ad2b618b3232e70658bedc61110e7563f1
  RealmSwift: 5b7079b891f2833d1849294161ba3e092bbda3f6
  RxCocoa: a0a09f45d0e5b48ecb6a4a7b4b4c89c88d3f633f
  RxGesture: 22d6fbe3e54c6f62c0e0499a25325b8bc78b148c
  RxKeyboard: a0a681f3efa0c265e42ced07537f7a464e867e74
  RxRealm: 323de579b50b5e0f4a3e087d5925021f976ffaf1
  RxRealmDataSources: 743901f35ef18533b2fc5d41a0f6b6b62b3c3304
  RxSwift: 18ee9d78b45edb3b0b7e79916b47a116e6dbc842
  RxSwiftExt: 72278e4a84f35324a82a8dd359859782706576a6
  SwiftLint: 3537a05b34060e78e7510f04fb7537d738247803

PODFILE CHECKSUM: f3ba2ff6011fc3e965f2d9962449332167c6fab3

COCOAPODS: 1.2.1
