PODS:
  - Realm (2.8.1):
    - Realm/Headers (= 2.8.1)
  - Realm/Headers (2.8.1)
  - RealmSwift (2.8.1):
    - Realm (= 2.8.1)
  - RxCocoa (3.5.0):
    - RxSwift (~> 3.4)
  - RxGesture (1.0.1):
    - RxCocoa (~> 3.4)
    - RxSwift (~> 3.4)
  - RxKeyboard (0.5.0):
    - RxCocoa (>= 3.4)
    - RxSwift (>= 3.4)
  - RxRealm (0.6.0):
    - RealmSwift (~> 2.5)
    - RxSwift (~> 3.2)
  - RxRealmDataSources (0.2.1):
    - RealmSwift (~> 2.1)
    - RxCocoa (~> 3.1)
    - RxRealm (~> 0.5)
    - RxSwift (~> 3.1)
  - RxSwift (3.5.0)
  - RxSwiftExt (2.4.1):
    - RxSwiftExt/Core (= 2.4.1)
  - RxSwiftExt/Core (2.4.1):
    - RxSwift (~> 3.4)
  - SwiftLint (0.19.0)
  - SwiftRandom (1.0.0)

DEPENDENCIES:
  - RxCocoa
  - RxGesture (from `https://github.com/Coledunsby/RxGesture.git`)
  - RxKeyboard
  - RxRealm
  - RxRealmDataSources
  - RxSwift
  - RxSwiftExt
  - SwiftLint
  - SwiftRandom

EXTERNAL SOURCES:
  RxGesture:
    :git: https://github.com/Coledunsby/RxGesture.git

CHECKOUT OPTIONS:
  RxGesture:
    :commit: 3a33d746d0032470ee5df9463d8633c178c63bae
    :git: https://github.com/Coledunsby/RxGesture.git

SPEC CHECKSUMS:
  Realm: 2627602ad6818451f0cb8c2a6e072f7f10a5f360
  RealmSwift: 4764ca7657f2193c256fb032c0b123926f70dbcd
  RxCocoa: a0a09f45d0e5b48ecb6a4a7b4b4c89c88d3f633f
  RxGesture: 22d6fbe3e54c6f62c0e0499a25325b8bc78b148c
  RxKeyboard: a0a681f3efa0c265e42ced07537f7a464e867e74
  RxRealm: 323de579b50b5e0f4a3e087d5925021f976ffaf1
  RxRealmDataSources: 743901f35ef18533b2fc5d41a0f6b6b62b3c3304
  RxSwift: 18ee9d78b45edb3b0b7e79916b47a116e6dbc842
  RxSwiftExt: 72278e4a84f35324a82a8dd359859782706576a6
  SwiftLint: 3537a05b34060e78e7510f04fb7537d738247803
  SwiftRandom: 437275c63500ddf5a565cbd56996fb23f12cfc3d

PODFILE CHECKSUM: 620ea4ca59e7e8a04381c844447a2a56cb17091a

COCOAPODS: 1.2.1
